
Microsoft Visual Studio Solution File, Format Version 12.00
# Visual Studio 15
VisualStudioVersion = 15.0.28307.102
MinimumVisualStudioVersion = 10.0.40219.1
Project("{FAE04EC0-301F-11D3-BF4B-00C04F79EFBC}") = "ml_netcore", "ml_netcore\ml_netcore.csproj", "{20351041-25A4-4FB7-94FD-1F6755535EFE}"
EndProject
Global
	GlobalSection(SolutionConfigurationPlatforms) = preSolution
		Debug|Any CPU = Debug|Any CPU
		Release|Any CPU = Release|Any CPU
	EndGlobalSection
	GlobalSection(ProjectConfigurationPlatforms) = postSolution
		{20351041-25A4-4FB7-94FD-1F6755535EFE}.Debug|Any CPU.ActiveCfg = Debug|Any CPU
		{20351041-25A4-4FB7-94FD-1F6755535EFE}.Debug|Any CPU.Build.0 = Debug|Any CPU
		{20351041-25A4-4FB7-94FD-1F6755535EFE}.Release|Any CPU.ActiveCfg = Release|Any CPU
		{20351041-25A4-4FB7-94FD-1F6755535EFE}.Release|Any CPU.Build.0 = Release|Any CPU
	EndGlobalSection
	GlobalSection(SolutionProperties) = preSolution
		HideSolutionNode = FALSE
	EndGlobalSection
	GlobalSection(ExtensibilityGlobals) = postSolution
		SolutionGuid = {12A6EC29-CA5F-47AB-9B00-3EA2CAD14062}
	EndGlobalSection
EndGlobal
